// !$*UTF8*$!
{
	archiveVersion = 1;
	classes = {
	};
	objectVersion = 46;
	objects = {

/* Begin PBXBuildFile section */
		C704F9991ED169C8001CAA28 /* main.m in Sources */ = {isa = PBXBuildFile; fileRef = C704F9981ED169C8001CAA28 /* main.m */; };
		C704F99C1ED169C8001CAA28 /* AppDelegate.m in Sources */ = {isa = PBXBuildFile; fileRef = C704F99B1ED169C8001CAA28 /* AppDelegate.m */; };
		C704F99F1ED169C8001CAA28 /* ViewController.m in Sources */ = {isa = PBXBuildFile; fileRef = C704F99E1ED169C8001CAA28 /* ViewController.m */; };
		C704F9A21ED169C8001CAA28 /* Main.storyboard in Resources */ = {isa = PBXBuildFile; fileRef = C704F9A01ED169C8001CAA28 /* Main.storyboard */; };
		C704F9A41ED169C8001CAA28 /* Assets.xcassets in Resources */ = {isa = PBXBuildFile; fileRef = C704F9A31ED169C8001CAA28 /* Assets.xcassets */; };
		C704F9A71ED169C8001CAA28 /* LaunchScreen.storyboard in Resources */ = {isa = PBXBuildFile; fileRef = C704F9A51ED169C8001CAA28 /* LaunchScreen.storyboard */; };
		C704F9B21ED16A1B001CAA28 /* Book.m in Sources */ = {isa = PBXBuildFile; fileRef = C704F9AF1ED16A1B001CAA28 /* Book.m */; };
		C704F9B31ED16A1B001CAA28 /* BookManager.m in Sources */ = {isa = PBXBuildFile; fileRef = C704F9B11ED16A1B001CAA28 /* BookManager.m */; };
/* End PBXBuildFile section */

/* Begin PBXFileReference section */
		C704F9941ED169C8001CAA28 /* VisualAddressBook.app */ = {isa = PBXFileReference; explicitFileType = wrapper.application; includeInIndex = 0; path = VisualAddressBook.app; sourceTree = BUILT_PRODUCTS_DIR; };
		C704F9981ED169C8001CAA28 /* main.m */ = {isa = PBXFileReference; lastKnownFileType = sourcecode.c.objc; path = main.m; sourceTree = "<group>"; };
		C704F99A1ED169C8001CAA28 /* AppDelegate.h */ = {isa = PBXFileReference; lastKnownFileType = sourcecode.c.h; path = AppDelegate.h; sourceTree = "<group>"; };
		C704F99B1ED169C8001CAA28 /* AppDelegate.m */ = {isa = PBXFileReference; lastKnownFileType = sourcecode.c.objc; path = AppDelegate.m; sourceTree = "<group>"; };
		C704F99D1ED169C8001CAA28 /* ViewController.h */ = {isa = PBXFileReference; lastKnownFileType = sourcecode.c.h; path = ViewController.h; sourceTree = "<group>"; };
		C704F99E1ED169C8001CAA28 /* ViewController.m */ = {isa = PBXFileReference; lastKnownFileType = sourcecode.c.objc; path = ViewController.m; sourceTree = "<group>"; };
		C704F9A11ED169C8001CAA28 /* Base */ = {isa = PBXFileReference; lastKnownFileType = file.storyboard; name = Base; path = Base.lproj/Main.storyboard; sourceTree = "<group>"; };
		C704F9A31ED169C8001CAA28 /* Assets.xcassets */ = {isa = PBXFileReference; lastKnownFileType = folder.assetcatalog; path = Assets.xcassets; sourceTree = "<group>"; };
		C704F9A61ED169C8001CAA28 /* Base */ = {isa = PBXFileReference; lastKnownFileType = file.storyboard; name = Base; path = Base.lproj/LaunchScreen.storyboard; sourceTree = "<group>"; };
		C704F9A81ED169C8001CAA28 /* Info.plist */ = {isa = PBXFileReference; lastKnownFileType = text.plist.xml; path = Info.plist; sourceTree = "<group>"; };
		C704F9AE1ED16A1B001CAA28 /* Book.h */ = {isa = PBXFileReference; fileEncoding = 4; lastKnownFileType = sourcecode.c.h; name = Book.h; path = ../../BookManger/BookManger/Book.h; sourceTree = "<group>"; };
		C704F9AF1ED16A1B001CAA28 /* Book.m */ = {isa = PBXFileReference; fileEncoding = 4; lastKnownFileType = sourcecode.c.objc; name = Book.m; path = ../../BookManger/BookManger/Book.m; sourceTree = "<group>"; };
		C704F9B01ED16A1B001CAA28 /* BookManager.h */ = {isa = PBXFileReference; fileEncoding = 4; lastKnownFileType = sourcecode.c.h; name = BookManager.h; path = ../../BookManger/BookManger/BookManager.h; sourceTree = "<group>"; };
		C704F9B11ED16A1B001CAA28 /* BookManager.m */ = {isa = PBXFileReference; fileEncoding = 4; lastKnownFileType = sourcecode.c.objc; name = BookManager.m; path = ../../BookManger/BookManger/BookManager.m; sourceTree = "<group>"; };
/* End PBXFileReference section */

/* Begin PBXFrameworksBuildPhase section */
		C704F9911ED169C8001CAA28 /* Frameworks */ = {
			isa = PBXFrameworksBuildPhase;
			buildActionMask = 2147483647;
			files = (
			);
			runOnlyForDeploymentPostprocessing = 0;
		};
/* End PBXFrameworksBuildPhase section */

/* Begin PBXGroup section */
		C704F98B1ED169C8001CAA28 = {
			isa = PBXGroup;
			children = (
				C704F9961ED169C8001CAA28 /* VisualAddressBook */,
				C704F9951ED169C8001CAA28 /* Products */,
			);
			sourceTree = "<group>";
		};
		C704F9951ED169C8001CAA28 /* Products */ = {
			isa = PBXGroup;
			children = (
				C704F9941ED169C8001CAA28 /* VisualAddressBook.app */,
			);
			name = Products;
			sourceTree = "<group>";
		};
		C704F9961ED169C8001CAA28 /* VisualAddressBook */ = {
			isa = PBXGroup;
			children = (
				C704F9AE1ED16A1B001CAA28 /* Book.h */,
				C704F9AF1ED16A1B001CAA28 /* Book.m */,
				C704F9B01ED16A1B001CAA28 /* BookManager.h */,
				C704F9B11ED16A1B001CAA28 /* BookManager.m */,
				C704F99A1ED169C8001CAA28 /* AppDelegate.h */,
				C704F99B1ED169C8001CAA28 /* AppDelegate.m */,
				C704F99D1ED169C8001CAA28 /* ViewController.h */,
				C704F99E1ED169C8001CAA28 /* ViewController.m */,
				C704F9A01ED169C8001CAA28 /* Main.storyboard */,
				C704F9A31ED169C8001CAA28 /* Assets.xcassets */,
				C704F9A51ED169C8001CAA28 /* LaunchScreen.storyboard */,
				C704F9A81ED169C8001CAA28 /* Info.plist */,
				C704F9971ED169C8001CAA28 /* Supporting Files */,
			);
			path = VisualAddressBook;
			sourceTree = "<group>";
		};
		C704F9971ED169C8001CAA28 /* Supporting Files */ = {
			isa = PBXGroup;
			children = (
				C704F9981ED169C8001CAA28 /* main.m */,
			);
			name = "Supporting Files";
			sourceTree = "<group>";
		};
/* End PBXGroup section */

/* Begin PBXNativeTarget section */
		C704F9931ED169C8001CAA28 /* VisualAddressBook */ = {
			isa = PBXNativeTarget;
			buildConfigurationList = C704F9AB1ED169C8001CAA28 /* Build configuration list for PBXNativeTarget "VisualAddressBook" */;
			buildPhases = (
				C704F9901ED169C8001CAA28 /* Sources */,
				C704F9911ED169C8001CAA28 /* Frameworks */,
				C704F9921ED169C8001CAA28 /* Resources */,
			);
			buildRules = (
			);
			dependencies = (
			);
			name = VisualAddressBook;
			productName = VisualAddressBook;
			productReference = C704F9941ED169C8001CAA28 /* VisualAddressBook.app */;
			productType = "com.apple.product-type.application";
		};
/* End PBXNativeTarget section */

/* Begin PBXProject section */
		C704F98C1ED169C8001CAA28 /* Project object */ = {
			isa = PBXProject;
			attributes = {
				LastUpgradeCheck = 0830;
				ORGANIZATIONNAME = "이성재";
				TargetAttributes = {
					C704F9931ED169C8001CAA28 = {
						CreatedOnToolsVersion = 8.3.2;
						DevelopmentTeam = H2L2V9WL64;
						ProvisioningStyle = Automatic;
					};
				};
			};
			buildConfigurationList = C704F98F1ED169C8001CAA28 /* Build configuration list for PBXProject "VisualAddressBook" */;
			compatibilityVersion = "Xcode 3.2";
			developmentRegion = English;
			hasScannedForEncodings = 0;
			knownRegions = (
				en,
				Base,
			);
			mainGroup = C704F98B1ED169C8001CAA28;
			productRefGroup = C704F9951ED169C8001CAA28 /* Products */;
			projectDirPath = "";
			projectRoot = "";
			targets = (
				C704F9931ED169C8001CAA28 /* VisualAddressBook */,
			);
		};
/* End PBXProject section */

/* Begin PBXResourcesBuildPhase section */
		C704F9921ED169C8001CAA28 /* Resources */ = {
			isa = PBXResourcesBuildPhase;
			buildActionMask = 2147483647;
			files = (
				C704F9A71ED169C8001CAA28 /* LaunchScreen.storyboard in Resources */,
				C704F9A41ED169C8001CAA28 /* Assets.xcassets in Resources */,
				C704F9A21ED169C8001CAA28 /* Main.storyboard in Resources */,
			);
			runOnlyForDeploymentPostprocessing = 0;
		};
/* End PBXResourcesBuildPhase section */

/* Begin PBXSourcesBuildPhase section */
		C704F9901ED169C8001CAA28 /* Sources */ = {
			isa = PBXSourcesBuildPhase;
			buildActionMask = 2147483647;
			files = (
				C704F9B31ED16A1B001CAA28 /* BookManager.m in Sources */,
				C704F9B21ED16A1B001CAA28 /* Book.m in Sources */,
				C704F99F1ED169C8001CAA28 /* ViewController.m in Sources */,
				C704F99C1ED169C8001CAA28 /* AppDelegate.m in Sources */,
				C704F9991ED169C8001CAA28 /* main.m in Sources */,
			);
			runOnlyForDeploymentPostprocessing = 0;
		};
/* End PBXSourcesBuildPhase section */

/* Begin PBXVariantGroup section */
		C704F9A01ED169C8001CAA28 /* Main.storyboard */ = {
			isa = PBXVariantGroup;
			children = (
				C704F9A11ED169C8001CAA28 /* Base */,
			);
			name = Main.storyboard;
			sourceTree = "<group>";
		};
		C704F9A51ED169C8001CAA28 /* LaunchScreen.storyboard */ = {
			isa = PBXVariantGroup;
			children = (
				C704F9A61ED169C8001CAA28 /* Base */,
			);
			name = LaunchScreen.storyboard;
			sourceTree = "<group>";
		};
/* End PBXVariantGroup section */

/* Begin XCBuildConfiguration section */
		C704F9A91ED169C8001CAA28 /* Debug */ = {
			isa = XCBuildConfiguration;
			buildSettings = {
				ALWAYS_SEARCH_USER_PATHS = NO;
				CLANG_ANALYZER_NONNULL = YES;
				CLANG_ANALYZER_NUMBER_OBJECT_CONVERSION = YES_AGGRESSIVE;
				CLANG_CXX_LANGUAGE_STANDARD = "gnu++0x";
				CLANG_CXX_LIBRARY = "libc++";
				CLANG_ENABLE_MODULES = YES;
				CLANG_ENABLE_OBJC_ARC = YES;
				CLANG_WARN_BOOL_CONVERSION = YES;
				CLANG_WARN_CONSTANT_CONVERSION = YES;
				CLANG_WARN_DIRECT_OBJC_ISA_USAGE = YES_ERROR;
				CLANG_WARN_DOCUMENTATION_COMMENTS = YES;
				CLANG_WARN_EMPTY_BODY = YES;
				CLANG_WARN_ENUM_CONVERSION = YES;
				CLANG_WARN_INFINITE_RECURSION = YES;
				CLANG_WARN_INT_CONVERSION = YES;
				CLANG_WARN_OBJC_ROOT_CLASS = YES_ERROR;
				CLANG_WARN_SUSPICIOUS_MOVE = YES;
				CLANG_WARN_UNREACHABLE_CODE = YES;
				CLANG_WARN__DUPLICATE_METHOD_MATCH = YES;
				"CODE_SIGN_IDENTITY[sdk=iphoneos*]" = "iPhone Developer";
				COPY_PHASE_STRIP = NO;
				DEBUG_INFORMATION_FORMAT = dwarf;
				ENABLE_STRICT_OBJC_MSGSEND = YES;
				ENABLE_TESTABILITY = YES;
				GCC_C_LANGUAGE_STANDARD = gnu99;
				GCC_DYNAMIC_NO_PIC = NO;
				GCC_NO_COMMON_BLOCKS = YES;
				GCC_OPTIMIZATION_LEVEL = 0;
				GCC_PREPROCESSOR_DEFINITIONS = (
					"DEBUG=1",
					"$(inherited)",
				);
				GCC_WARN_64_TO_32_BIT_CONVERSION = YES;
				GCC_WARN_ABOUT_RETURN_TYPE = YES_ERROR;
				GCC_WARN_UNDECLARED_SELECTOR = YES;
				GCC_WARN_UNINITIALIZED_AUTOS = YES_AGGRESSIVE;
				GCC_WARN_UNUSED_FUNCTION = YES;
				GCC_WARN_UNUSED_VARIABLE = YES;
				IPHONEOS_DEPLOYMENT_TARGET = 10.3;
				MTL_ENABLE_DEBUG_INFO = YES;
				ONLY_ACTIVE_ARCH = YES;
				SDKROOT = iphoneos;
			};
			name = Debug;
		};
		C704F9AA1ED169C8001CAA28 /* Release */ = {
			isa = XCBuildConfiguration;
			buildSettings = {
				ALWAYS_SEARCH_USER_PATHS = NO;
				CLANG_ANALYZER_NONNULL = YES;
				CLANG_ANALYZER_NUMBER_OBJECT_CONVERSION = YES_AGGRESSIVE;
				CLANG_CXX_LANGUAGE_STANDARD = "gnu++0x";
				CLANG_CXX_LIBRARY = "libc++";
				CLANG_ENABLE_MODULES = YES;
				CLANG_ENABLE_OBJC_ARC = YES;
				CLANG_WARN_BOOL_CONVERSION = YES;
				CLANG_WARN_CONSTANT_CONVERSION = YES;
				CLANG_WARN_DIRECT_OBJC_ISA_USAGE = YES_ERROR;
				CLANG_WARN_DOCUMENTATION_COMMENTS = YES;
				CLANG_WARN_EMPTY_BODY = YES;
				CLANG_WARN_ENUM_CONVERSION = YES;
				CLANG_WARN_INFINITE_RECURSION = YES;
				CLANG_WARN_INT_CONVERSION = YES;
				CLANG_WARN_OBJC_ROOT_CLASS = YES_ERROR;
				CLANG_WARN_SUSPICIOUS_MOVE = YES;
				CLANG_WARN_UNREACHABLE_CODE = YES;
				CLANG_WARN__DUPLICATE_METHOD_MATCH = YES;
				"CODE_SIGN_IDENTITY[sdk=iphoneos*]" = "iPhone Developer";
				COPY_PHASE_STRIP = NO;
				DEBUG_INFORMATION_FORMAT = "dwarf-with-dsym";
				ENABLE_NS_ASSERTIONS = NO;
				ENABLE_STRICT_OBJC_MSGSEND = YES;
				GCC_C_LANGUAGE_STANDARD = gnu99;
				GCC_NO_COMMON_BLOCKS = YES;
				GCC_WARN_64_TO_32_BIT_CONVERSION = YES;
				GCC_WARN_ABOUT_RETURN_TYPE = YES_ERROR;
				GCC_WARN_UNDECLARED_SELECTOR = YES;
				GCC_WARN_UNINITIALIZED_AUTOS = YES_AGGRESSIVE;
				GCC_WARN_UNUSED_FUNCTION = YES;
				GCC_WARN_UNUSED_VARIABLE = YES;
				IPHONEOS_DEPLOYMENT_TARGET = 10.3;
				MTL_ENABLE_DEBUG_INFO = NO;
				SDKROOT = iphoneos;
				VALIDATE_PRODUCT = YES;
			};
			name = Release;
		};
		C704F9AC1ED169C8001CAA28 /* Debug */ = {
			isa = XCBuildConfiguration;
			buildSettings = {
				ASSETCATALOG_COMPILER_APPICON_NAME = AppIcon;
				DEVELOPMENT_TEAM = H2L2V9WL64;
				INFOPLIST_FILE = VisualAddressBook/Info.plist;
				LD_RUNPATH_SEARCH_PATHS = "$(inherited) @executable_path/Frameworks";
				PRODUCT_BUNDLE_IDENTIFIER = lsj.VisualAddressBook;
				PRODUCT_NAME = "$(TARGET_NAME)";
			};
			name = Debug;
		};
		C704F9AD1ED169C8001CAA28 /* Release */ = {
			isa = XCBuildConfiguration;
			buildSettings = {
				ASSETCATALOG_COMPILER_APPICON_NAME = AppIcon;
				DEVELOPMENT_TEAM = H2L2V9WL64;
				INFOPLIST_FILE = VisualAddressBook/Info.plist;
				LD_RUNPATH_SEARCH_PATHS = "$(inherited) @executable_path/Frameworks";
				PRODUCT_BUNDLE_IDENTIFIER = lsj.VisualAddressBook;
				PRODUCT_NAME = "$(TARGET_NAME)";
			};
			name = Release;
		};
/* End XCBuildConfiguration section */

/* Begin XCConfigurationList section */
		C704F98F1ED169C8001CAA28 /* Build configuration list for PBXProject "VisualAddressBook" */ = {
			isa = XCConfigurationList;
			buildConfigurations = (
				C704F9A91ED169C8001CAA28 /* Debug */,
				C704F9AA1ED169C8001CAA28 /* Release */,
			);
			defaultConfigurationIsVisible = 0;
			defaultConfigurationName = Release;
		};
		C704F9AB1ED169C8001CAA28 /* Build configuration list for PBXNativeTarget "VisualAddressBook" */ = {
			isa = XCConfigurationList;
			buildConfigurations = (
				C704F9AC1ED169C8001CAA28 /* Debug */,
				C704F9AD1ED169C8001CAA28 /* Release */,
			);
			defaultConfigurationIsVisible = 0;
		};
/* End XCConfigurationList section */
	};
	rootObject = C704F98C1ED169C8001CAA28 /* Project object */;
}
